
Microsoft Visual Studio Solution File, Format Version 12.00
Project("{FAE04EC0-301F-11D3-BF4B-00C04F79EFBC}") = "ChessGameV2_.Net6", "ChessGameV2_.Net6\ChessGameV2_.Net6.csproj", "{C1E89B89-151B-4BB0-AC99-7E2E0C988BEE}"
EndProject
Global
	GlobalSection(SolutionConfigurationPlatforms) = preSolution
		Debug|Any CPU = Debug|Any CPU
		Release|Any CPU = Release|Any CPU
	EndGlobalSection
	GlobalSection(ProjectConfigurationPlatforms) = postSolution
		{C1E89B89-151B-4BB0-AC99-7E2E0C988BEE}.Debug|Any CPU.ActiveCfg = Debug|Any CPU
		{C1E89B89-151B-4BB0-AC99-7E2E0C988BEE}.Debug|Any CPU.Build.0 = Debug|Any CPU
		{C1E89B89-151B-4BB0-AC99-7E2E0C988BEE}.Release|Any CPU.ActiveCfg = Release|Any CPU
		{C1E89B89-151B-4BB0-AC99-7E2E0C988BEE}.Release|Any CPU.Build.0 = Release|Any CPU
	EndGlobalSection
EndGlobal
